version: 5
environments:
  default:
    channels:
    - url: https://conda.anaconda.org/conda-forge/
    - url: https://conda.modular.com/max/
    indexes:
    - https://pypi.org/simple
    packages:
      osx-arm64:
      - conda: https://conda.anaconda.org/conda-forge/osx-arm64/bzip2-1.0.8-h99b78c6_7.conda
      - conda: https://conda.anaconda.org/conda-forge/osx-arm64/ca-certificates-2024.8.30-hf0a4a13_0.conda
      - conda: https://conda.anaconda.org/conda-forge/noarch/click-8.1.7-unix_pyh707e725_0.conda
      - conda: https://conda.anaconda.org/conda-forge/noarch/importlib-metadata-8.5.0-pyha770c72_0.conda
      - conda: https://conda.anaconda.org/conda-forge/noarch/jupyter_client-8.6.3-pyhd8ed1ab_0.conda
      - conda: https://conda.anaconda.org/conda-forge/noarch/jupyter_core-5.7.2-pyh31011fe_1.conda
      - conda: https://conda.anaconda.org/conda-forge/osx-arm64/krb5-1.21.3-h237132a_0.conda
      - conda: https://conda.anaconda.org/conda-forge/osx-arm64/libblas-3.9.0-25_osxarm64_openblas.conda
      - conda: https://conda.anaconda.org/conda-forge/osx-arm64/libcblas-3.9.0-25_osxarm64_openblas.conda
      - conda: https://conda.anaconda.org/conda-forge/osx-arm64/libcxx-19.1.4-ha82da77_0.conda
      - conda: https://conda.anaconda.org/conda-forge/osx-arm64/libedit-3.1.20191231-hc8eb9b7_2.tar.bz2
      - conda: https://conda.anaconda.org/conda-forge/osx-arm64/libexpat-2.6.4-h286801f_0.conda
      - conda: https://conda.anaconda.org/conda-forge/osx-arm64/libffi-3.4.2-h3422bc3_5.tar.bz2
      - conda: https://conda.anaconda.org/conda-forge/osx-arm64/libgfortran-5.0.0-13_2_0_hd922786_3.conda
      - conda: https://conda.anaconda.org/conda-forge/osx-arm64/libgfortran5-13.2.0-hf226fd6_3.conda
      - conda: https://conda.anaconda.org/conda-forge/osx-arm64/liblapack-3.9.0-25_osxarm64_openblas.conda
      - conda: https://conda.anaconda.org/conda-forge/osx-arm64/libopenblas-0.3.28-openmp_hf332438_1.conda
      - conda: https://conda.anaconda.org/conda-forge/osx-arm64/libsodium-1.0.20-h99b78c6_0.conda
      - conda: https://conda.anaconda.org/conda-forge/osx-arm64/libsqlite-3.47.0-hbaaea75_1.conda
      - conda: https://conda.anaconda.org/conda-forge/osx-arm64/libzlib-1.3.1-h8359307_2.conda
      - conda: https://conda.anaconda.org/conda-forge/osx-arm64/llvm-openmp-19.1.4-hdb05f8b_0.conda
      - conda: https://conda.modular.com/max/noarch/max-24.5.0-release.conda
      - conda: https://conda.modular.com/max/osx-arm64/max-core-24.5.0-release.conda
      - conda: https://conda.modular.com/max/osx-arm64/max-python-24.5.0-3.12release.conda
      - conda: https://conda.modular.com/max/noarch/mblack-24.5.0-release.conda
      - conda: https://conda.modular.com/max/noarch/mojo-jupyter-24.5.0-release.conda
      - conda: https://conda.anaconda.org/conda-forge/noarch/mypy_extensions-1.0.0-pyha770c72_0.conda
      - conda: https://conda.anaconda.org/conda-forge/osx-arm64/ncurses-6.5-h7bae524_1.conda
      - conda: https://conda.anaconda.org/conda-forge/osx-arm64/numpy-1.26.4-py312h8442bc7_0.conda
      - conda: https://conda.anaconda.org/conda-forge/osx-arm64/openssl-3.4.0-h39f12f2_0.conda
      - conda: https://conda.anaconda.org/conda-forge/noarch/packaging-24.2-pyhff2d567_1.conda
      - conda: https://conda.anaconda.org/conda-forge/noarch/pathspec-0.12.1-pyhd8ed1ab_0.conda
      - conda: https://conda.anaconda.org/conda-forge/noarch/platformdirs-4.3.6-pyhd8ed1ab_0.conda
      - conda: https://conda.anaconda.org/conda-forge/osx-arm64/python-3.12.7-h739c21a_0_cpython.conda
      - conda: https://conda.anaconda.org/conda-forge/noarch/python-dateutil-2.9.0.post0-pyhff2d567_0.conda
      - conda: https://conda.anaconda.org/conda-forge/osx-arm64/python_abi-3.12-5_cp312.conda
      - conda: https://conda.anaconda.org/conda-forge/osx-arm64/pyzmq-26.2.0-py312hf8a1cbd_3.conda
      - conda: https://conda.anaconda.org/conda-forge/osx-arm64/readline-8.2-h92ec313_1.conda
      - conda: https://conda.anaconda.org/conda-forge/noarch/six-1.16.0-pyh6c4a22f_0.tar.bz2
      - conda: https://conda.anaconda.org/conda-forge/osx-arm64/tk-8.6.13-h5083fa2_1.conda
      - conda: https://conda.anaconda.org/conda-forge/osx-arm64/tornado-6.4.2-py312hea69d52_0.conda
      - conda: https://conda.anaconda.org/conda-forge/noarch/traitlets-5.14.3-pyhd8ed1ab_0.conda
      - conda: https://conda.anaconda.org/conda-forge/noarch/tzdata-2024b-hc8b5060_0.conda
      - conda: https://conda.anaconda.org/conda-forge/osx-arm64/xz-5.2.6-h57fd34a_0.tar.bz2
      - conda: https://conda.anaconda.org/conda-forge/osx-arm64/zeromq-4.3.5-hc1bb282_7.conda
      - conda: https://conda.anaconda.org/conda-forge/noarch/zipp-3.21.0-pyhd8ed1ab_0.conda
      - pypi: https://files.pythonhosted.org/packages/78/b6/6307fbef88d9b5ee7421e68d78a9f162e0da4900bc5f5793f6d3d0e34fb8/annotated_types-0.7.0-py3-none-any.whl
      - pypi: https://files.pythonhosted.org/packages/e4/f5/f2b75d2fc6f1a260f340f0e7c6a060f4dd2961cc16884ed851b0d18da06a/anyio-4.6.2.post1-py3-none-any.whl
      - pypi: https://files.pythonhosted.org/packages/12/90/3c9ff0512038035f59d279fddeb79f5f1eccd8859f06d6163c58798b9487/certifi-2024.8.30-py3-none-any.whl
      - pypi: https://files.pythonhosted.org/packages/68/1b/e0a87d256e40e8c888847551b20a017a6b98139178505dc7ffb96f04e954/dnspython-2.7.0-py3-none-any.whl
      - pypi: https://files.pythonhosted.org/packages/d7/ee/bf0adb559ad3c786f12bcbc9296b3f5675f529199bef03e2df281fa1fadb/email_validator-2.2.0-py3-none-any.whl
      - pypi: https://files.pythonhosted.org/packages/54/c4/148d5046a96c428464557264877ae5a9338a83bbe0df045088749ec89820/fastapi-0.115.5-py3-none-any.whl
      - pypi: https://files.pythonhosted.org/packages/24/ea/4b5011012ac925fe2f83b19d0e09cee9d324141ec7bf5e78bb2817f96513/fastapi_cli-0.0.5-py3-none-any.whl
      - pypi: https://files.pythonhosted.org/packages/95/04/ff642e65ad6b90db43e668d70ffb6736436c7ce41fcc549f4e9472234127/h11-0.14.0-py3-none-any.whl
      - pypi: https://files.pythonhosted.org/packages/87/f5/72347bc88306acb359581ac4d52f23c0ef445b57157adedb9aee0cd689d2/httpcore-1.0.7-py3-none-any.whl
      - pypi: https://files.pythonhosted.org/packages/e2/b8/412a9bb28d0a8988de3296e01efa0bd62068b33856cdda47fe1b5e890954/httptools-0.6.4-cp312-cp312-macosx_11_0_arm64.whl
      - pypi: https://files.pythonhosted.org/packages/56/95/9377bcb415797e44274b51d46e3249eba641711cf3348050f76ee7b15ffc/httpx-0.27.2-py3-none-any.whl
      - pypi: https://files.pythonhosted.org/packages/76/c6/c88e154df9c4e1a2a66ccf0005a88dfb2650c1dffb6f5ce603dfbd452ce3/idna-3.10-py3-none-any.whl
      - pypi: https://files.pythonhosted.org/packages/31/80/3a54838c3fb461f6fec263ebf3a3a41771bd05190238de3486aae8540c36/jinja2-3.1.4-py3-none-any.whl
      - pypi: https://files.pythonhosted.org/packages/42/d7/1ec15b46af6af88f19b8e5ffea08fa375d433c998b8a7639e76935c14f1f/markdown_it_py-3.0.0-py3-none-any.whl
      - pypi: https://files.pythonhosted.org/packages/6b/b0/18f76bba336fa5aecf79d45dcd6c806c280ec44538b3c13671d49099fdd0/MarkupSafe-3.0.2-cp312-cp312-macosx_11_0_arm64.whl
      - pypi: https://files.pythonhosted.org/packages/b3/38/89ba8ad64ae25be8de66a6d463314cf1eb366222074cfda9ee839c56a4b4/mdurl-0.1.2-py3-none-any.whl
      - pypi: https://files.pythonhosted.org/packages/d5/74/da832196702d0c56eb86b75bfa346db9238617e29b0b7ee3b8b4eccfe654/pydantic-2.10.2-py3-none-any.whl
      - pypi: https://files.pythonhosted.org/packages/7b/9e/f8063952e4a7d0127f5d1181addef9377505dcce3be224263b25c4f0bfd9/pydantic_core-2.27.1-cp312-cp312-macosx_11_0_arm64.whl
      - pypi: https://files.pythonhosted.org/packages/f7/3f/01c8b82017c199075f8f788d0d906b9ffbbc5a47dc9918a945e13d5a2bda/pygments-2.18.0-py3-none-any.whl
      - pypi: https://files.pythonhosted.org/packages/6a/3e/b68c118422ec867fa7ab88444e1274aa40681c606d59ac27de5a5588f082/python_dotenv-1.0.1-py3-none-any.whl
      - pypi: https://files.pythonhosted.org/packages/b4/fb/275137a799169392f1fa88fff2be92f16eee38e982720a8aaadefc4a36b2/python_multipart-0.0.17-py3-none-any.whl
      - pypi: https://files.pythonhosted.org/packages/a8/0c/38374f5bb272c051e2a69281d71cba6fdb983413e6758b84482905e29a5d/PyYAML-6.0.2-cp312-cp312-macosx_11_0_arm64.whl
      - pypi: https://files.pythonhosted.org/packages/19/71/39c7c0d87f8d4e6c020a393182060eaefeeae6c01dab6a84ec346f2567df/rich-13.9.4-py3-none-any.whl
      - pypi: https://files.pythonhosted.org/packages/e0/f9/0595336914c5619e5f28a1fb793285925a8cd4b432c9da0a987836c7f822/shellingham-1.5.4-py2.py3-none-any.whl
      - pypi: https://files.pythonhosted.org/packages/e9/44/75a9c9421471a6c4805dbf2356f7c181a29c1879239abab1ea2cc8f38b40/sniffio-1.3.1-py3-none-any.whl
      - pypi: https://files.pythonhosted.org/packages/96/00/2b325970b3060c7cecebab6d295afe763365822b1306a12eeab198f74323/starlette-0.41.3-py3-none-any.whl
      - pypi: https://files.pythonhosted.org/packages/22/69/e90a0b4d0c16e095901679216c8ecdc728110c7c54e7b5f43a623bc4c789/typer-0.13.1-py3-none-any.whl
      - pypi: https://files.pythonhosted.org/packages/26/9f/ad63fc0248c5379346306f8668cda6e2e2e9c95e01216d2b8ffd9ff037d0/typing_extensions-4.12.2-py3-none-any.whl
      - pypi: https://files.pythonhosted.org/packages/50/c1/2d27b0a15826c2b71dcf6e2f5402181ef85acf439617bb2f1453125ce1f3/uvicorn-0.32.1-py3-none-any.whl
      - pypi: https://files.pythonhosted.org/packages/8c/4c/03f93178830dc7ce8b4cdee1d36770d2f5ebb6f3d37d354e061eefc73545/uvloop-0.21.0-cp312-cp312-macosx_10_13_universal2.whl
      - pypi: https://files.pythonhosted.org/packages/5a/ee/935095538ff08ab68555de2bbc18acaf91f4cce8518bf32196f1ff9b8326/watchfiles-1.0.0-cp312-cp312-macosx_11_0_arm64.whl
      - pypi: https://files.pythonhosted.org/packages/c1/89/2a09db1bbb40ba967a1b8225b07b7df89fea44f06de9365f17f684d0f7e6/websockets-14.1-cp312-cp312-macosx_11_0_arm64.whl
packages:
- kind: pypi
  name: annotated-types
  version: 0.7.0
  url: https://files.pythonhosted.org/packages/78/b6/6307fbef88d9b5ee7421e68d78a9f162e0da4900bc5f5793f6d3d0e34fb8/annotated_types-0.7.0-py3-none-any.whl
  sha256: 1f02e8b43a8fbbc3f3e0d4f0f4bfc8131bcb4eebe8849b8e5c773f3a1c582a53
  requires_dist:
  - typing-extensions>=4.0.0 ; python_full_version < '3.9'
  requires_python: '>=3.8'
- kind: pypi
  name: anyio
  version: 4.6.2.post1
  url: https://files.pythonhosted.org/packages/e4/f5/f2b75d2fc6f1a260f340f0e7c6a060f4dd2961cc16884ed851b0d18da06a/anyio-4.6.2.post1-py3-none-any.whl
  sha256: 6d170c36fba3bdd840c73d3868c1e777e33676a69c3a72cf0a0d5d6d8009b61d
  requires_dist:
  - idna>=2.8
  - sniffio>=1.1
  - exceptiongroup>=1.0.2 ; python_full_version < '3.11'
  - typing-extensions>=4.1 ; python_full_version < '3.11'
  - packaging ; extra == 'doc'
  - sphinx~=7.4 ; extra == 'doc'
  - sphinx-rtd-theme ; extra == 'doc'
  - sphinx-autodoc-typehints>=1.2.0 ; extra == 'doc'
  - anyio[trio] ; extra == 'test'
  - coverage[toml]>=7 ; extra == 'test'
  - exceptiongroup>=1.2.0 ; extra == 'test'
  - hypothesis>=4.0 ; extra == 'test'
  - psutil>=5.9 ; extra == 'test'
  - pytest>=7.0 ; extra == 'test'
  - pytest-mock>=3.6.1 ; extra == 'test'
  - trustme ; extra == 'test'
  - uvloop>=0.21.0b1 ; platform_python_implementation == 'CPython' and platform_system != 'Windows' and extra == 'test'
  - truststore>=0.9.1 ; python_full_version >= '3.10' and extra == 'test'
  - trio>=0.26.1 ; extra == 'trio'
  requires_python: '>=3.9'
- kind: conda
  name: bzip2
  version: 1.0.8
  build: h99b78c6_7
  build_number: 7
  subdir: osx-arm64
  url: https://conda.anaconda.org/conda-forge/osx-arm64/bzip2-1.0.8-h99b78c6_7.conda
  sha256: adfa71f158cbd872a36394c56c3568e6034aa55c623634b37a4836bd036e6b91
  md5: fc6948412dbbbe9a4c9ddbbcfe0a79ab
  depends:
  - __osx >=11.0
  license: bzip2-1.0.6
  license_family: BSD
  purls: []
  size: 122909
  timestamp: 1720974522888
- kind: conda
  name: ca-certificates
  version: 2024.8.30
  build: hf0a4a13_0
  subdir: osx-arm64
  url: https://conda.anaconda.org/conda-forge/osx-arm64/ca-certificates-2024.8.30-hf0a4a13_0.conda
  sha256: 2db1733f4b644575dbbdd7994a8f338e6ef937f5ebdb74acd557e9dda0211709
  md5: 40dec13fd8348dbe303e57be74bd3d35
  license: ISC
  purls: []
  size: 158482
  timestamp: 1725019034582
- kind: pypi
  name: certifi
  version: 2024.8.30
  url: https://files.pythonhosted.org/packages/12/90/3c9ff0512038035f59d279fddeb79f5f1eccd8859f06d6163c58798b9487/certifi-2024.8.30-py3-none-any.whl
  sha256: 922820b53db7a7257ffbda3f597266d435245903d80737e34f8a45ff3e3230d8
  requires_python: '>=3.6'
- kind: conda
  name: click
  version: 8.1.7
  build: unix_pyh707e725_0
  subdir: noarch
  noarch: python
  url: https://conda.anaconda.org/conda-forge/noarch/click-8.1.7-unix_pyh707e725_0.conda
  sha256: f0016cbab6ac4138a429e28dbcb904a90305b34b3fe41a9b89d697c90401caec
  md5: f3ad426304898027fc619827ff428eca
  depends:
  - __unix
  - python >=3.8
  license: BSD-3-Clause
  license_family: BSD
  purls:
  - pkg:pypi/click?source=hash-mapping
  size: 84437
  timestamp: 1692311973840
- kind: pypi
  name: dnspython
  version: 2.7.0
  url: https://files.pythonhosted.org/packages/68/1b/e0a87d256e40e8c888847551b20a017a6b98139178505dc7ffb96f04e954/dnspython-2.7.0-py3-none-any.whl
  sha256: b4c34b7d10b51bcc3a5071e7b8dee77939f1e878477eeecc965e9835f63c6c86
  requires_dist:
  - black>=23.1.0 ; extra == 'dev'
  - coverage>=7.0 ; extra == 'dev'
  - flake8>=7 ; extra == 'dev'
  - hypercorn>=0.16.0 ; extra == 'dev'
  - mypy>=1.8 ; extra == 'dev'
  - pylint>=3 ; extra == 'dev'
  - pytest-cov>=4.1.0 ; extra == 'dev'
  - pytest>=7.4 ; extra == 'dev'
  - quart-trio>=0.11.0 ; extra == 'dev'
  - sphinx-rtd-theme>=2.0.0 ; extra == 'dev'
  - sphinx>=7.2.0 ; extra == 'dev'
  - twine>=4.0.0 ; extra == 'dev'
  - wheel>=0.42.0 ; extra == 'dev'
  - cryptography>=43 ; extra == 'dnssec'
  - h2>=4.1.0 ; extra == 'doh'
  - httpcore>=1.0.0 ; extra == 'doh'
  - httpx>=0.26.0 ; extra == 'doh'
  - aioquic>=1.0.0 ; extra == 'doq'
  - idna>=3.7 ; extra == 'idna'
  - trio>=0.23 ; extra == 'trio'
  - wmi>=1.5.1 ; extra == 'wmi'
  requires_python: '>=3.9'
- kind: pypi
  name: email-validator
  version: 2.2.0
  url: https://files.pythonhosted.org/packages/d7/ee/bf0adb559ad3c786f12bcbc9296b3f5675f529199bef03e2df281fa1fadb/email_validator-2.2.0-py3-none-any.whl
  sha256: 561977c2d73ce3611850a06fa56b414621e0c8faa9d66f2611407d87465da631
  requires_dist:
  - dnspython>=2.0.0
  - idna>=2.0.0
  requires_python: '>=3.8'
- kind: pypi
  name: fastapi
  version: 0.115.5
  url: https://files.pythonhosted.org/packages/54/c4/148d5046a96c428464557264877ae5a9338a83bbe0df045088749ec89820/fastapi-0.115.5-py3-none-any.whl
  sha256: 596b95adbe1474da47049e802f9a65ab2ffa9c2b07e7efee70eb8a66c9f2f796
  requires_dist:
  - starlette<0.42.0,>=0.40.0
  - pydantic!=1.8,!=1.8.1,!=2.0.0,!=2.0.1,!=2.1.0,<3.0.0,>=1.7.4
  - typing-extensions>=4.8.0
  - fastapi-cli[standard]>=0.0.5 ; extra == 'standard'
  - httpx>=0.23.0 ; extra == 'standard'
  - jinja2>=2.11.2 ; extra == 'standard'
  - python-multipart>=0.0.7 ; extra == 'standard'
  - email-validator>=2.0.0 ; extra == 'standard'
  - uvicorn[standard]>=0.12.0 ; extra == 'standard'
  - fastapi-cli[standard]>=0.0.5 ; extra == 'all'
  - httpx>=0.23.0 ; extra == 'all'
  - jinja2>=2.11.2 ; extra == 'all'
  - python-multipart>=0.0.7 ; extra == 'all'
  - itsdangerous>=1.1.0 ; extra == 'all'
  - pyyaml>=5.3.1 ; extra == 'all'
  - ujson!=4.0.2,!=4.1.0,!=4.2.0,!=4.3.0,!=5.0.0,!=5.1.0,>=4.0.1 ; extra == 'all'
  - orjson>=3.2.1 ; extra == 'all'
  - email-validator>=2.0.0 ; extra == 'all'
  - uvicorn[standard]>=0.12.0 ; extra == 'all'
  - pydantic-settings>=2.0.0 ; extra == 'all'
  - pydantic-extra-types>=2.0.0 ; extra == 'all'
  requires_python: '>=3.8'
- kind: pypi
  name: fastapi-cli
  version: 0.0.5
  url: https://files.pythonhosted.org/packages/24/ea/4b5011012ac925fe2f83b19d0e09cee9d324141ec7bf5e78bb2817f96513/fastapi_cli-0.0.5-py3-none-any.whl
  sha256: e94d847524648c748a5350673546bbf9bcaeb086b33c24f2e82e021436866a46
  requires_dist:
  - typer>=0.12.3
  - uvicorn[standard]>=0.15.0
  - uvicorn[standard]>=0.15.0 ; extra == 'standard'
  requires_python: '>=3.8'
- kind: pypi
  name: h11
  version: 0.14.0
  url: https://files.pythonhosted.org/packages/95/04/ff642e65ad6b90db43e668d70ffb6736436c7ce41fcc549f4e9472234127/h11-0.14.0-py3-none-any.whl
  sha256: e3fe4ac4b851c468cc8363d500db52c2ead036020723024a109d37346efaa761
  requires_dist:
  - typing-extensions ; python_full_version < '3.8'
  requires_python: '>=3.7'
- kind: pypi
  name: httpcore
  version: 1.0.7
  url: https://files.pythonhosted.org/packages/87/f5/72347bc88306acb359581ac4d52f23c0ef445b57157adedb9aee0cd689d2/httpcore-1.0.7-py3-none-any.whl
  sha256: a3fff8f43dc260d5bd363d9f9cf1830fa3a458b332856f34282de498ed420edd
  requires_dist:
  - certifi
  - h11<0.15,>=0.13
  - anyio<5.0,>=4.0 ; extra == 'asyncio'
  - h2<5,>=3 ; extra == 'http2'
  - socksio==1.* ; extra == 'socks'
  - trio<1.0,>=0.22.0 ; extra == 'trio'
  requires_python: '>=3.8'
- kind: pypi
  name: httptools
  version: 0.6.4
  url: https://files.pythonhosted.org/packages/e2/b8/412a9bb28d0a8988de3296e01efa0bd62068b33856cdda47fe1b5e890954/httptools-0.6.4-cp312-cp312-macosx_11_0_arm64.whl
  sha256: 85071a1e8c2d051b507161f6c3e26155b5c790e4e28d7f236422dbacc2a9cc44
  requires_dist:
  - cython>=0.29.24 ; extra == 'test'
  requires_python: '>=3.8.0'
- kind: pypi
  name: httpx
  version: 0.27.2
  url: https://files.pythonhosted.org/packages/56/95/9377bcb415797e44274b51d46e3249eba641711cf3348050f76ee7b15ffc/httpx-0.27.2-py3-none-any.whl
  sha256: 7bb2708e112d8fdd7829cd4243970f0c223274051cb35ee80c03301ee29a3df0
  requires_dist:
  - anyio
  - certifi
  - httpcore==1.*
  - idna
  - sniffio
  - brotli ; platform_python_implementation == 'CPython' and extra == 'brotli'
  - brotlicffi ; platform_python_implementation != 'CPython' and extra == 'brotli'
  - click==8.* ; extra == 'cli'
  - pygments==2.* ; extra == 'cli'
  - rich<14,>=10 ; extra == 'cli'
  - h2<5,>=3 ; extra == 'http2'
  - socksio==1.* ; extra == 'socks'
  - zstandard>=0.18.0 ; extra == 'zstd'
  requires_python: '>=3.8'
- kind: pypi
  name: idna
  version: '3.10'
  url: https://files.pythonhosted.org/packages/76/c6/c88e154df9c4e1a2a66ccf0005a88dfb2650c1dffb6f5ce603dfbd452ce3/idna-3.10-py3-none-any.whl
  sha256: 946d195a0d259cbba61165e88e65941f16e9b36ea6ddb97f00452bae8b1287d3
  requires_dist:
  - ruff>=0.6.2 ; extra == 'all'
  - mypy>=1.11.2 ; extra == 'all'
  - pytest>=8.3.2 ; extra == 'all'
  - flake8>=7.1.1 ; extra == 'all'
  requires_python: '>=3.6'
- kind: conda
  name: importlib-metadata
  version: 8.5.0
  build: pyha770c72_0
  subdir: noarch
  noarch: python
  url: https://conda.anaconda.org/conda-forge/noarch/importlib-metadata-8.5.0-pyha770c72_0.conda
  sha256: 7194700ce1a5ad2621fd68e894dd8c1ceaff9a38723e6e0e5298fdef13017b1c
  md5: 54198435fce4d64d8a89af22573012a8
  depends:
  - python >=3.8
  - zipp >=0.5
  license: Apache-2.0
  license_family: APACHE
  purls:
  - pkg:pypi/importlib-metadata?source=hash-mapping
  size: 28646
  timestamp: 1726082927916
- kind: pypi
  name: jinja2
  version: 3.1.4
  url: https://files.pythonhosted.org/packages/31/80/3a54838c3fb461f6fec263ebf3a3a41771bd05190238de3486aae8540c36/jinja2-3.1.4-py3-none-any.whl
  sha256: bc5dd2abb727a5319567b7a813e6a2e7318c39f4f487cfe6c89c6f9c7d25197d
  requires_dist:
  - markupsafe>=2.0
  - babel>=2.7 ; extra == 'i18n'
  requires_python: '>=3.7'
- kind: conda
  name: jupyter_client
  version: 8.6.3
  build: pyhd8ed1ab_0
  subdir: noarch
  noarch: python
  url: https://conda.anaconda.org/conda-forge/noarch/jupyter_client-8.6.3-pyhd8ed1ab_0.conda
  sha256: 4419c85e209a715f551a5c9bead746f29ee9d0fc41e772a76db3868622795671
  md5: a14218cfb29662b4a19ceb04e93e298e
  depends:
  - importlib-metadata >=4.8.3
  - jupyter_core >=4.12,!=5.0.*
  - python >=3.8
  - python-dateutil >=2.8.2
  - pyzmq >=23.0
  - tornado >=6.2
  - traitlets >=5.3
  license: BSD-3-Clause
  license_family: BSD
  purls:
  - pkg:pypi/jupyter-client?source=hash-mapping
  size: 106055
  timestamp: 1726610805505
- kind: conda
  name: jupyter_core
  version: 5.7.2
  build: pyh31011fe_1
  build_number: 1
  subdir: noarch
  noarch: python
  url: https://conda.anaconda.org/conda-forge/noarch/jupyter_core-5.7.2-pyh31011fe_1.conda
  sha256: 732b1e8536bc22a5a174baa79842d79db2f4956d90293dd82dc1b3f6099bcccd
  md5: 0a2980dada0dd7fd0998f0342308b1b1
  depends:
  - __unix
  - platformdirs >=2.5
  - python >=3.8
  - traitlets >=5.3
  license: BSD-3-Clause
  license_family: BSD
  purls:
  - pkg:pypi/jupyter-core?source=hash-mapping
  size: 57671
  timestamp: 1727163547058
- kind: conda
  name: krb5
  version: 1.21.3
  build: h237132a_0
  subdir: osx-arm64
  url: https://conda.anaconda.org/conda-forge/osx-arm64/krb5-1.21.3-h237132a_0.conda
  sha256: 4442f957c3c77d69d9da3521268cad5d54c9033f1a73f99cde0a3658937b159b
  md5: c6dc8a0fdec13a0565936655c33069a1
  depends:
  - __osx >=11.0
  - libcxx >=16
  - libedit >=3.1.20191231,<3.2.0a0
  - libedit >=3.1.20191231,<4.0a0
  - openssl >=3.3.1,<4.0a0
  license: MIT
  license_family: MIT
  purls: []
  size: 1155530
  timestamp: 1719463474401
- kind: conda
  name: libblas
  version: 3.9.0
  build: 25_osxarm64_openblas
  build_number: 25
  subdir: osx-arm64
  url: https://conda.anaconda.org/conda-forge/osx-arm64/libblas-3.9.0-25_osxarm64_openblas.conda
  sha256: f1fb9a11af0b2878bd8804b4c77d3733c40076218bcbdb35f575b1c0c9fddf11
  md5: f8cf4d920ff36ce471619010eff59cac
  depends:
  - libopenblas >=0.3.28,<0.3.29.0a0
  - libopenblas >=0.3.28,<1.0a0
  constrains:
  - blas * openblas
  - liblapack 3.9.0 25_osxarm64_openblas
  - liblapacke 3.9.0 25_osxarm64_openblas
  - libcblas 3.9.0 25_osxarm64_openblas
  license: BSD-3-Clause
  license_family: BSD
  purls: []
  size: 15913
  timestamp: 1729643265495
- kind: conda
  name: libcblas
  version: 3.9.0
  build: 25_osxarm64_openblas
  build_number: 25
  subdir: osx-arm64
  url: https://conda.anaconda.org/conda-forge/osx-arm64/libcblas-3.9.0-25_osxarm64_openblas.conda
  sha256: d9fa5b6b11252132a3383bbf87bd2f1b9d6248bef1b7e113c2a8ae41b0376218
  md5: 4df0fae81f0b5bf47d48c882b086da11
  depends:
  - libblas 3.9.0 25_osxarm64_openblas
  constrains:
  - blas * openblas
  - liblapack 3.9.0 25_osxarm64_openblas
  - liblapacke 3.9.0 25_osxarm64_openblas
  license: BSD-3-Clause
  license_family: BSD
  purls: []
  size: 15837
  timestamp: 1729643270793
- kind: conda
  name: libcxx
  version: 19.1.4
  build: ha82da77_0
  subdir: osx-arm64
  url: https://conda.anaconda.org/conda-forge/osx-arm64/libcxx-19.1.4-ha82da77_0.conda
  sha256: 342896ebc1d6acbf022ca6df006a936b9a472579e91e3c502cb1f52f218b78e9
  md5: a2d3d484d95889fccdd09498d8f6bf9a
  depends:
  - __osx >=11.0
  license: Apache-2.0 WITH LLVM-exception
  license_family: Apache
  purls: []
  size: 520678
  timestamp: 1732060258949
- kind: conda
  name: libedit
  version: 3.1.20191231
  build: hc8eb9b7_2
  build_number: 2
  subdir: osx-arm64
  url: https://conda.anaconda.org/conda-forge/osx-arm64/libedit-3.1.20191231-hc8eb9b7_2.tar.bz2
  sha256: 3912636197933ecfe4692634119e8644904b41a58f30cad9d1fc02f6ba4d9fca
  md5: 30e4362988a2623e9eb34337b83e01f9
  depends:
  - ncurses >=6.2,<7.0.0a0
  license: BSD-2-Clause
  license_family: BSD
  purls: []
  size: 96607
  timestamp: 1597616630749
- kind: conda
  name: libexpat
  version: 2.6.4
  build: h286801f_0
  subdir: osx-arm64
  url: https://conda.anaconda.org/conda-forge/osx-arm64/libexpat-2.6.4-h286801f_0.conda
  sha256: e42ab5ace927ee7c84e3f0f7d813671e1cf3529f5f06ee5899606630498c2745
  md5: 38d2656dd914feb0cab8c629370768bf
  depends:
  - __osx >=11.0
  constrains:
  - expat 2.6.4.*
  license: MIT
  license_family: MIT
  purls: []
  size: 64693
  timestamp: 1730967175868
- kind: conda
  name: libffi
  version: 3.4.2
  build: h3422bc3_5
  build_number: 5
  subdir: osx-arm64
  url: https://conda.anaconda.org/conda-forge/osx-arm64/libffi-3.4.2-h3422bc3_5.tar.bz2
  sha256: 41b3d13efb775e340e4dba549ab5c029611ea6918703096b2eaa9c015c0750ca
  md5: 086914b672be056eb70fd4285b6783b6
  license: MIT
  license_family: MIT
  purls: []
  size: 39020
  timestamp: 1636488587153
- kind: conda
  name: libgfortran
  version: 5.0.0
  build: 13_2_0_hd922786_3
  build_number: 3
  subdir: osx-arm64
  url: https://conda.anaconda.org/conda-forge/osx-arm64/libgfortran-5.0.0-13_2_0_hd922786_3.conda
  sha256: 44e541b4821c96b28b27fef5630883a60ce4fee91fd9c79f25a199f8f73f337b
  md5: 4a55d9e169114b2b90d3ec4604cd7bbf
  depends:
  - libgfortran5 13.2.0 hf226fd6_3
  license: GPL-3.0-only WITH GCC-exception-3.1
  license_family: GPL
  purls: []
  size: 110233
  timestamp: 1707330749033
- kind: conda
  name: libgfortran5
  version: 13.2.0
  build: hf226fd6_3
  build_number: 3
  subdir: osx-arm64
  url: https://conda.anaconda.org/conda-forge/osx-arm64/libgfortran5-13.2.0-hf226fd6_3.conda
  sha256: bafc679eedb468a86aa4636061c55966186399ee0a04b605920d208d97ac579a
  md5: 66ac81d54e95c534ae488726c1f698ea
  depends:
  - llvm-openmp >=8.0.0
  constrains:
  - libgfortran 5.0.0 13_2_0_*_3
  license: GPL-3.0-only WITH GCC-exception-3.1
  license_family: GPL
  purls: []
  size: 997381
  timestamp: 1707330687590
- kind: conda
  name: liblapack
  version: 3.9.0
  build: 25_osxarm64_openblas
  build_number: 25
  subdir: osx-arm64
  url: https://conda.anaconda.org/conda-forge/osx-arm64/liblapack-3.9.0-25_osxarm64_openblas.conda
  sha256: fdd742407672a9af20e70764550cf18b3ab67f12e48bf04163b90492fbc401e7
  md5: 19bbddfec972d401838330453186108d
  depends:
  - libblas 3.9.0 25_osxarm64_openblas
  constrains:
  - blas * openblas
  - liblapacke 3.9.0 25_osxarm64_openblas
  - libcblas 3.9.0 25_osxarm64_openblas
  license: BSD-3-Clause
  license_family: BSD
  purls: []
  size: 15823
  timestamp: 1729643275943
- kind: conda
  name: libopenblas
  version: 0.3.28
  build: openmp_hf332438_1
  build_number: 1
  subdir: osx-arm64
  url: https://conda.anaconda.org/conda-forge/osx-arm64/libopenblas-0.3.28-openmp_hf332438_1.conda
  sha256: 62bb669c37a845129096f73d446cdb6bb170e4927f2fea2b661329680dbbc373
  md5: 40803a48d947c8639da6704e9a44d3ce
  depends:
  - __osx >=11.0
  - libgfortran 5.*
  - libgfortran5 >=13.2.0
  - llvm-openmp >=18.1.8
  constrains:
  - openblas >=0.3.28,<0.3.29.0a0
  license: BSD-3-Clause
  license_family: BSD
  purls: []
  size: 4165774
  timestamp: 1730772154295
- kind: conda
  name: libsodium
  version: 1.0.20
  build: h99b78c6_0
  subdir: osx-arm64
  url: https://conda.anaconda.org/conda-forge/osx-arm64/libsodium-1.0.20-h99b78c6_0.conda
  sha256: fade8223e1e1004367d7101dd17261003b60aa576df6d7802191f8972f7470b1
  md5: a7ce36e284c5faaf93c220dfc39e3abd
  depends:
  - __osx >=11.0
  license: ISC
  purls: []
  size: 164972
  timestamp: 1716828607917
- kind: conda
  name: libsqlite
  version: 3.47.0
  build: hbaaea75_1
  build_number: 1
  subdir: osx-arm64
  url: https://conda.anaconda.org/conda-forge/osx-arm64/libsqlite-3.47.0-hbaaea75_1.conda
  sha256: 5a96caa566c11e5a5ebdcdb86a0759a7fb27d3c5f42e6a0fd0d6023c1e935d9e
  md5: 07a14fbe439eef078cc479deca321161
  depends:
  - __osx >=11.0
  - libzlib >=1.3.1,<2.0a0
  license: Unlicense
  purls: []
  size: 837683
  timestamp: 1730208293578
- kind: conda
  name: libzlib
  version: 1.3.1
  build: h8359307_2
  build_number: 2
  subdir: osx-arm64
  url: https://conda.anaconda.org/conda-forge/osx-arm64/libzlib-1.3.1-h8359307_2.conda
  sha256: ce34669eadaba351cd54910743e6a2261b67009624dbc7daeeafdef93616711b
  md5: 369964e85dc26bfe78f41399b366c435
  depends:
  - __osx >=11.0
  constrains:
  - zlib 1.3.1 *_2
  license: Zlib
  license_family: Other
  purls: []
  size: 46438
  timestamp: 1727963202283
- kind: conda
  name: llvm-openmp
  version: 19.1.4
  build: hdb05f8b_0
  subdir: osx-arm64
  url: https://conda.anaconda.org/conda-forge/osx-arm64/llvm-openmp-19.1.4-hdb05f8b_0.conda
  sha256: dfdcd8de37899d984326f9734b28f46f80b88c068e44c562933a8b3117f2401a
  md5: 76ca179ec970bea6e275e2fa477c2d3c
  depends:
  - __osx >=11.0
  constrains:
  - openmp 19.1.4|19.1.4.*
  license: Apache-2.0 WITH LLVM-exception
  license_family: APACHE
  purls: []
  size: 281554
  timestamp: 1732102484807
- kind: pypi
  name: markdown-it-py
  version: 3.0.0
  url: https://files.pythonhosted.org/packages/42/d7/1ec15b46af6af88f19b8e5ffea08fa375d433c998b8a7639e76935c14f1f/markdown_it_py-3.0.0-py3-none-any.whl
  sha256: 355216845c60bd96232cd8d8c40e8f9765cc86f46880e43a8fd22dc1a1a8cab1
  requires_dist:
  - mdurl~=0.1
  - psutil ; extra == 'benchmarking'
  - pytest ; extra == 'benchmarking'
  - pytest-benchmark ; extra == 'benchmarking'
  - pre-commit~=3.0 ; extra == 'code-style'
  - commonmark~=0.9 ; extra == 'compare'
  - markdown~=3.4 ; extra == 'compare'
  - mistletoe~=1.0 ; extra == 'compare'
  - mistune~=2.0 ; extra == 'compare'
  - panflute~=2.3 ; extra == 'compare'
  - linkify-it-py>=1,<3 ; extra == 'linkify'
  - mdit-py-plugins ; extra == 'plugins'
  - gprof2dot ; extra == 'profiling'
  - mdit-py-plugins ; extra == 'rtd'
  - myst-parser ; extra == 'rtd'
  - pyyaml ; extra == 'rtd'
  - sphinx ; extra == 'rtd'
  - sphinx-copybutton ; extra == 'rtd'
  - sphinx-design ; extra == 'rtd'
  - sphinx-book-theme ; extra == 'rtd'
  - jupyter-sphinx ; extra == 'rtd'
  - coverage ; extra == 'testing'
  - pytest ; extra == 'testing'
  - pytest-cov ; extra == 'testing'
  - pytest-regressions ; extra == 'testing'
  requires_python: '>=3.8'
- kind: pypi
  name: markupsafe
  version: 3.0.2
  url: https://files.pythonhosted.org/packages/6b/b0/18f76bba336fa5aecf79d45dcd6c806c280ec44538b3c13671d49099fdd0/MarkupSafe-3.0.2-cp312-cp312-macosx_11_0_arm64.whl
  sha256: 846ade7b71e3536c4e56b386c2a47adf5741d2d8b94ec9dc3e92e5e1ee1e2225
  requires_python: '>=3.9'
- kind: conda
  name: max
  version: 24.5.0
  build: release
  subdir: noarch
  noarch: python
  url: https://conda.modular.com/max/noarch/max-24.5.0-release.conda
  sha256: 3050d7885a304944afbf93ca9786e56e6df20f0685e1705f88fab045fb5aae70
  md5: 662a61803cd141e857d3b9f821c7bd66
  depends:
  - max-core ==24.5.0 release
  - max-python >=24.5.0,<25.0a0
  - mojo-jupyter ==24.5.0 release
  - mblack ==24.5.0 release
  size: 9642
  timestamp: 1726172475909
- kind: conda
  name: max-core
  version: 24.5.0
  build: release
  subdir: osx-arm64
  url: https://conda.modular.com/max/osx-arm64/max-core-24.5.0-release.conda
  sha256: 8848071dde1f98a4da8e39c90f9210098e7c3c4aaddd0e2255fd9fe1f01df0b7
  md5: fba502bf5142da57735a593ccf35a255
  depends:
  - mblack ==24.5.0 release
  arch: arm64
  platform: osx
  size: 244231803
  timestamp: 1726175523753
- kind: conda
  name: max-python
  version: 24.5.0
  build: 3.12release
  subdir: osx-arm64
  url: https://conda.modular.com/max/osx-arm64/max-python-24.5.0-3.12release.conda
  sha256: e6cdd0477236d49d4f6586d4a66ffe1c5e5cb188535a8ec09ed742eda12cbf5f
  md5: f33d8f4cc5c17d893fdb5d6e162c08c6
  depends:
  - max-core ==24.5.0 release
  - python 3.12.*
  - numpy >=1.18,<2.0
  - python_abi 3.12.* *_cp312
  arch: arm64
  platform: osx
  size: 125388933
  timestamp: 1726175523755
- kind: conda
  name: mblack
  version: 24.5.0
  build: release
  subdir: noarch
  noarch: python
  url: https://conda.modular.com/max/noarch/mblack-24.5.0-release.conda
  sha256: 913881fc3aa19db447ed82e898f261a413be9129dc43b9ea600e06030f76dbd5
  md5: 2bc6ce9f257235686dc1b2509cc7198d
  depends:
  - python >=3.9,<3.13
  - click >=8.0.0
  - mypy_extensions >=0.4.3
  - packaging >=22.0
  - pathspec >=0.9.0
  - platformdirs >=2
  - python
  license: MIT
  size: 130435
  timestamp: 1726172475910
- kind: pypi
  name: mdurl
  version: 0.1.2
  url: https://files.pythonhosted.org/packages/b3/38/89ba8ad64ae25be8de66a6d463314cf1eb366222074cfda9ee839c56a4b4/mdurl-0.1.2-py3-none-any.whl
  sha256: 84008a41e51615a49fc9966191ff91509e3c40b939176e643fd50a5c2196b8f8
  requires_python: '>=3.7'
- kind: conda
  name: mojo-jupyter
  version: 24.5.0
  build: release
  subdir: noarch
  noarch: python
  url: https://conda.modular.com/max/noarch/mojo-jupyter-24.5.0-release.conda
  sha256: dff2e857eae32ce92fde12a712756d647f0aa312aeb5d79b350b2acbc71a2f96
  md5: 3b7be5cbff5b8015b095e950506be4b3
  depends:
  - max-core ==24.5.0 release
  - python >=3.9,<3.13
  - jupyter_client >=8.6.2,<8.7
  - python
  size: 21595
  timestamp: 1726172475911
- kind: conda
  name: mypy_extensions
  version: 1.0.0
  build: pyha770c72_0
  subdir: noarch
  noarch: python
  url: https://conda.anaconda.org/conda-forge/noarch/mypy_extensions-1.0.0-pyha770c72_0.conda
  sha256: f240217476e148e825420c6bc3a0c0efb08c0718b7042fae960400c02af858a3
  md5: 4eccaeba205f0aed9ac3a9ea58568ca3
  depends:
  - python >=3.5
  license: MIT
  license_family: MIT
  purls:
  - pkg:pypi/mypy-extensions?source=hash-mapping
  size: 10492
  timestamp: 1675543414256
- kind: conda
  name: ncurses
  version: '6.5'
  build: h7bae524_1
  build_number: 1
  subdir: osx-arm64
  url: https://conda.anaconda.org/conda-forge/osx-arm64/ncurses-6.5-h7bae524_1.conda
  sha256: 27d0b9ff78ad46e1f3a6c96c479ab44beda5f96def88e2fe626e0a49429d8afc
  md5: cb2b0ea909b97b3d70cd3921d1445e1a
  depends:
  - __osx >=11.0
  license: X11 AND BSD-3-Clause
  purls: []
  size: 802321
  timestamp: 1724658775723
- kind: conda
  name: numpy
  version: 1.26.4
  build: py312h8442bc7_0
  subdir: osx-arm64
  url: https://conda.anaconda.org/conda-forge/osx-arm64/numpy-1.26.4-py312h8442bc7_0.conda
  sha256: c8841d6d6f61fd70ca80682efbab6bdb8606dc77c68d8acabfbd7c222054f518
  md5: d83fc83d589e2625a3451c9a7e21047c
  depends:
  - libblas >=3.9.0,<4.0a0
  - libcblas >=3.9.0,<4.0a0
  - libcxx >=16
  - liblapack >=3.9.0,<4.0a0
  - python >=3.12,<3.13.0a0
  - python >=3.12,<3.13.0a0 *_cpython
  - python_abi 3.12.* *_cp312
  constrains:
  - numpy-base <0a0
  license: BSD-3-Clause
  license_family: BSD
  purls:
  - pkg:pypi/numpy?source=hash-mapping
  size: 6073136
  timestamp: 1707226249608
- kind: conda
  name: openssl
  version: 3.4.0
  build: h39f12f2_0
  subdir: osx-arm64
  url: https://conda.anaconda.org/conda-forge/osx-arm64/openssl-3.4.0-h39f12f2_0.conda
  sha256: bd1d58ced46e75efa3b842c61642fd12272c69e9fe4d7261078bc082153a1d53
  md5: df307bbc703324722df0293c9ca2e418
  depends:
  - __osx >=11.0
  - ca-certificates
  license: Apache-2.0
  license_family: Apache
  purls: []
  size: 2935176
  timestamp: 1731377561525
- kind: conda
  name: packaging
  version: '24.2'
  build: pyhff2d567_1
  build_number: 1
  subdir: noarch
  noarch: python
  url: https://conda.anaconda.org/conda-forge/noarch/packaging-24.2-pyhff2d567_1.conda
  sha256: 74843f871e5cd8a1baf5ed8c406c571139c287141efe532f8ffbdafa3664d244
  md5: 8508b703977f4c4ada34d657d051972c
  depends:
  - python >=3.8
  license: Apache-2.0
  license_family: APACHE
  purls:
  - pkg:pypi/packaging?source=hash-mapping
  size: 60380
  timestamp: 1731802602808
- kind: conda
  name: pathspec
  version: 0.12.1
  build: pyhd8ed1ab_0
  subdir: noarch
  noarch: python
  url: https://conda.anaconda.org/conda-forge/noarch/pathspec-0.12.1-pyhd8ed1ab_0.conda
  sha256: 4e534e66bfe8b1e035d2169d0e5b185450546b17e36764272863e22e0370be4d
  md5: 17064acba08d3686f1135b5ec1b32b12
  depends:
  - python >=3.7
  license: MPL-2.0
  license_family: MOZILLA
  purls:
  - pkg:pypi/pathspec?source=hash-mapping
  size: 41173
  timestamp: 1702250135032
- kind: conda
  name: platformdirs
  version: 4.3.6
  build: pyhd8ed1ab_0
  subdir: noarch
  noarch: python
  url: https://conda.anaconda.org/conda-forge/noarch/platformdirs-4.3.6-pyhd8ed1ab_0.conda
  sha256: c81bdeadc4adcda216b2c7b373f0335f5c78cc480d1d55d10f21823590d7e46f
  md5: fd8f2b18b65bbf62e8f653100690c8d2
  depends:
  - python >=3.8
  license: MIT
  license_family: MIT
  purls:
  - pkg:pypi/platformdirs?source=hash-mapping
  size: 20625
  timestamp: 1726613611845
- kind: pypi
  name: pydantic
  version: 2.10.2
  url: https://files.pythonhosted.org/packages/d5/74/da832196702d0c56eb86b75bfa346db9238617e29b0b7ee3b8b4eccfe654/pydantic-2.10.2-py3-none-any.whl
  sha256: cfb96e45951117c3024e6b67b25cdc33a3cb7b2fa62e239f7af1378358a1d99e
  requires_dist:
  - annotated-types>=0.6.0
  - pydantic-core==2.27.1
  - typing-extensions>=4.12.2
  - email-validator>=2.0.0 ; extra == 'email'
  - tzdata ; python_full_version >= '3.9' and platform_system == 'Windows' and extra == 'timezone'
  requires_python: '>=3.8'
- kind: pypi
  name: pydantic-core
  version: 2.27.1
  url: https://files.pythonhosted.org/packages/7b/9e/f8063952e4a7d0127f5d1181addef9377505dcce3be224263b25c4f0bfd9/pydantic_core-2.27.1-cp312-cp312-macosx_11_0_arm64.whl
  sha256: 5f8c4718cd44ec1580e180cb739713ecda2bdee1341084c1467802a417fe0f02
  requires_dist:
  - typing-extensions>=4.6.0,!=4.7.0
  requires_python: '>=3.8'
- kind: pypi
  name: pygments
  version: 2.18.0
  url: https://files.pythonhosted.org/packages/f7/3f/01c8b82017c199075f8f788d0d906b9ffbbc5a47dc9918a945e13d5a2bda/pygments-2.18.0-py3-none-any.whl
  sha256: b8e6aca0523f3ab76fee51799c488e38782ac06eafcf95e7ba832985c8e7b13a
  requires_dist:
  - colorama>=0.4.6 ; extra == 'windows-terminal'
  requires_python: '>=3.8'
- kind: conda
  name: python
  version: 3.12.7
  build: h739c21a_0_cpython
  subdir: osx-arm64
  url: https://conda.anaconda.org/conda-forge/osx-arm64/python-3.12.7-h739c21a_0_cpython.conda
  sha256: 45d7ca2074aa92594bd2f91a9003b338cc1df8a46b9492b7fc8167110783c3ef
  md5: e0d82e57ebb456077565e6d82cd4a323
  depends:
  - __osx >=11.0
  - bzip2 >=1.0.8,<2.0a0
  - libexpat >=2.6.3,<3.0a0
  - libffi >=3.4,<4.0a0
  - libsqlite >=3.46.1,<4.0a0
  - libzlib >=1.3.1,<2.0a0
  - ncurses >=6.5,<7.0a0
  - openssl >=3.3.2,<4.0a0
  - readline >=8.2,<9.0a0
  - tk >=8.6.13,<8.7.0a0
  - tzdata
  - xz >=5.2.6,<6.0a0
  constrains:
  - python_abi 3.12.* *_cp312
  license: Python-2.0
  purls: []
  size: 12975439
  timestamp: 1728057819519
- kind: conda
  name: python-dateutil
  version: 2.9.0.post0
  build: pyhff2d567_0
  subdir: noarch
  noarch: python
  url: https://conda.anaconda.org/conda-forge/noarch/python-dateutil-2.9.0.post0-pyhff2d567_0.conda
  sha256: 3888012c5916efaef45d503e3e544bbcc571b84426c1bb9577799ada9efefb54
  md5: b6dfd90a2141e573e4b6a81630b56df5
  depends:
  - python >=3.9
  - six >=1.5
  license: Apache-2.0
  license_family: APACHE
  purls:
  - pkg:pypi/python-dateutil?source=hash-mapping
  size: 221925
  timestamp: 1731919374686
- kind: pypi
  name: python-dotenv
  version: 1.0.1
  url: https://files.pythonhosted.org/packages/6a/3e/b68c118422ec867fa7ab88444e1274aa40681c606d59ac27de5a5588f082/python_dotenv-1.0.1-py3-none-any.whl
  sha256: f7b63ef50f1b690dddf550d03497b66d609393b40b564ed0d674909a68ebf16a
  requires_dist:
  - click>=5.0 ; extra == 'cli'
  requires_python: '>=3.8'
- kind: pypi
  name: python-multipart
  version: 0.0.17
  url: https://files.pythonhosted.org/packages/b4/fb/275137a799169392f1fa88fff2be92f16eee38e982720a8aaadefc4a36b2/python_multipart-0.0.17-py3-none-any.whl
  sha256: 15dc4f487e0a9476cc1201261188ee0940165cffc94429b6fc565c4d3045cb5d
  requires_python: '>=3.8'
- kind: conda
  name: python_abi
  version: '3.12'
  build: 5_cp312
  build_number: 5
  subdir: osx-arm64
  url: https://conda.anaconda.org/conda-forge/osx-arm64/python_abi-3.12-5_cp312.conda
  sha256: 49d624e4b809c799d2bf257b22c23cf3fc4460f5570d9a58e7ad86350aeaa1f4
  md5: b76f9b1c862128e56ac7aa8cd2333de9
  constrains:
  - python 3.12.* *_cpython
  license: BSD-3-Clause
  license_family: BSD
  purls: []
  size: 6278
  timestamp: 1723823099686
- kind: pypi
  name: pyyaml
  version: 6.0.2
  url: https://files.pythonhosted.org/packages/a8/0c/38374f5bb272c051e2a69281d71cba6fdb983413e6758b84482905e29a5d/PyYAML-6.0.2-cp312-cp312-macosx_11_0_arm64.whl
  sha256: ce826d6ef20b1bc864f0a68340c8b3287705cae2f8b4b1d932177dcc76721725
  requires_python: '>=3.8'
- kind: conda
  name: pyzmq
  version: 26.2.0
  build: py312hf8a1cbd_3
  build_number: 3
  subdir: osx-arm64
  url: https://conda.anaconda.org/conda-forge/osx-arm64/pyzmq-26.2.0-py312hf8a1cbd_3.conda
  sha256: 2e0ca1bb9ab3af5d1f9b38548d65be7097ba0246e7e63c908c9b1323df3f45b5
  md5: 7bdaa4c2a84b744ef26c8b2ba65c3d0e
  depends:
  - __osx >=11.0
  - libcxx >=17
  - libsodium >=1.0.20,<1.0.21.0a0
  - python >=3.12,<3.13.0a0
  - python >=3.12,<3.13.0a0 *_cpython
  - python_abi 3.12.* *_cp312
  - zeromq >=4.3.5,<4.4.0a0
  license: BSD-3-Clause
  license_family: BSD
  purls:
  - pkg:pypi/pyzmq?source=hash-mapping
  size: 361674
  timestamp: 1728642457661
- kind: conda
  name: readline
  version: '8.2'
  build: h92ec313_1
  build_number: 1
  subdir: osx-arm64
  url: https://conda.anaconda.org/conda-forge/osx-arm64/readline-8.2-h92ec313_1.conda
  sha256: a1dfa679ac3f6007362386576a704ad2d0d7a02e98f5d0b115f207a2da63e884
  md5: 8cbb776a2f641b943d413b3e19df71f4
  depends:
  - ncurses >=6.3,<7.0a0
  license: GPL-3.0-only
  license_family: GPL
  purls: []
  size: 250351
  timestamp: 1679532511311
- kind: pypi
  name: rich
  version: 13.9.4
  url: https://files.pythonhosted.org/packages/19/71/39c7c0d87f8d4e6c020a393182060eaefeeae6c01dab6a84ec346f2567df/rich-13.9.4-py3-none-any.whl
  sha256: 6049d5e6ec054bf2779ab3358186963bac2ea89175919d699e378b99738c2a90
  requires_dist:
  - ipywidgets>=7.5.1,<9 ; extra == 'jupyter'
  - markdown-it-py>=2.2.0
  - pygments>=2.13.0,<3.0.0
  - typing-extensions>=4.0.0,<5.0 ; python_full_version < '3.11'
  requires_python: '>=3.8.0'
- kind: pypi
  name: shellingham
  version: 1.5.4
  url: https://files.pythonhosted.org/packages/e0/f9/0595336914c5619e5f28a1fb793285925a8cd4b432c9da0a987836c7f822/shellingham-1.5.4-py2.py3-none-any.whl
  sha256: 7ecfff8f2fd72616f7481040475a65b2bf8af90a56c89140852d1120324e8686
  requires_python: '>=3.7'
- kind: conda
  name: six
  version: 1.16.0
  build: pyh6c4a22f_0
  subdir: noarch
  noarch: python
  url: https://conda.anaconda.org/conda-forge/noarch/six-1.16.0-pyh6c4a22f_0.tar.bz2
  sha256: a85c38227b446f42c5b90d9b642f2c0567880c15d72492d8da074a59c8f91dd6
  md5: e5f25f8dbc060e9a8d912e432202afc2
  depends:
  - python
  license: MIT
  license_family: MIT
  purls:
  - pkg:pypi/six?source=hash-mapping
  size: 14259
  timestamp: 1620240338595
- kind: pypi
  name: sniffio
  version: 1.3.1
  url: https://files.pythonhosted.org/packages/e9/44/75a9c9421471a6c4805dbf2356f7c181a29c1879239abab1ea2cc8f38b40/sniffio-1.3.1-py3-none-any.whl
  sha256: 2f6da418d1f1e0fddd844478f41680e794e6051915791a034ff65e5f100525a2
  requires_python: '>=3.7'
- kind: pypi
  name: starlette
  version: 0.41.3
  url: https://files.pythonhosted.org/packages/96/00/2b325970b3060c7cecebab6d295afe763365822b1306a12eeab198f74323/starlette-0.41.3-py3-none-any.whl
  sha256: 44cedb2b7c77a9de33a8b74b2b90e9f50d11fcf25d8270ea525ad71a25374ff7
  requires_dist:
  - anyio<5,>=3.4.0
  - typing-extensions>=3.10.0 ; python_full_version < '3.10'
  - httpx>=0.22.0 ; extra == 'full'
  - itsdangerous ; extra == 'full'
  - jinja2 ; extra == 'full'
  - python-multipart>=0.0.7 ; extra == 'full'
  - pyyaml ; extra == 'full'
  requires_python: '>=3.8'
- kind: conda
  name: tk
  version: 8.6.13
  build: h5083fa2_1
  build_number: 1
  subdir: osx-arm64
  url: https://conda.anaconda.org/conda-forge/osx-arm64/tk-8.6.13-h5083fa2_1.conda
  sha256: 72457ad031b4c048e5891f3f6cb27a53cb479db68a52d965f796910e71a403a8
  md5: b50a57ba89c32b62428b71a875291c9b
  depends:
  - libzlib >=1.2.13,<2.0.0a0
  license: TCL
  license_family: BSD
  purls: []
  size: 3145523
  timestamp: 1699202432999
- kind: conda
  name: tornado
  version: 6.4.2
  build: py312hea69d52_0
  subdir: osx-arm64
  url: https://conda.anaconda.org/conda-forge/osx-arm64/tornado-6.4.2-py312hea69d52_0.conda
  sha256: 964a2705a36c50040c967b18b45b9cc8de3c2aff4af546979a574e0b38e58e39
  md5: fb0605888a475d6a380ae1d1a819d976
  depends:
  - __osx >=11.0
  - python >=3.12,<3.13.0a0
  - python >=3.12,<3.13.0a0 *_cpython
  - python_abi 3.12.* *_cp312
  license: Apache-2.0
  license_family: Apache
  purls:
  - pkg:pypi/tornado?source=hash-mapping
  size: 842549
  timestamp: 1732616081362
- kind: conda
  name: traitlets
  version: 5.14.3
  build: pyhd8ed1ab_0
  subdir: noarch
  noarch: python
  url: https://conda.anaconda.org/conda-forge/noarch/traitlets-5.14.3-pyhd8ed1ab_0.conda
  sha256: 8a64fa0f19022828513667c2c7176cfd125001f3f4b9bc00d33732e627dd2592
  md5: 3df84416a021220d8b5700c613af2dc5
  depends:
  - python >=3.8
  license: BSD-3-Clause
  license_family: BSD
  purls:
  - pkg:pypi/traitlets?source=hash-mapping
  size: 110187
  timestamp: 1713535244513
- kind: pypi
  name: typer
  version: 0.13.1
  url: https://files.pythonhosted.org/packages/22/69/e90a0b4d0c16e095901679216c8ecdc728110c7c54e7b5f43a623bc4c789/typer-0.13.1-py3-none-any.whl
  sha256: 5b59580fd925e89463a29d363e0a43245ec02765bde9fb77d39e5d0f29dd7157
  requires_dist:
  - click>=8.0.0
  - typing-extensions>=3.7.4.3
  - shellingham>=1.3.0
  - rich>=10.11.0
  requires_python: '>=3.7'
- kind: pypi
  name: typing-extensions
  version: 4.12.2
  url: https://files.pythonhosted.org/packages/26/9f/ad63fc0248c5379346306f8668cda6e2e2e9c95e01216d2b8ffd9ff037d0/typing_extensions-4.12.2-py3-none-any.whl
  sha256: 04e5ca0351e0f3f85c6853954072df659d0d13fac324d0072316b67d7794700d
  requires_python: '>=3.8'
- kind: conda
  name: tzdata
  version: 2024b
  build: hc8b5060_0
  subdir: noarch
  noarch: generic
  url: https://conda.anaconda.org/conda-forge/noarch/tzdata-2024b-hc8b5060_0.conda
  sha256: 4fde5c3008bf5d2db82f2b50204464314cc3c91c1d953652f7bd01d9e52aefdf
  md5: 8ac3367aafb1cc0a068483c580af8015
  license: LicenseRef-Public-Domain
  purls: []
  size: 122354
  timestamp: 1728047496079
- kind: pypi
  name: uvicorn
  version: 0.32.1
  url: https://files.pythonhosted.org/packages/50/c1/2d27b0a15826c2b71dcf6e2f5402181ef85acf439617bb2f1453125ce1f3/uvicorn-0.32.1-py3-none-any.whl
  sha256: 82ad92fd58da0d12af7482ecdb5f2470a04c9c9a53ced65b9bbb4a205377602e
  requires_dist:
  - click>=7.0
  - h11>=0.8
  - typing-extensions>=4.0 ; python_full_version < '3.11'
  - colorama>=0.4 ; sys_platform == 'win32' and extra == 'standard'
  - httptools>=0.6.3 ; extra == 'standard'
  - python-dotenv>=0.13 ; extra == 'standard'
  - pyyaml>=5.1 ; extra == 'standard'
  - uvloop!=0.15.0,!=0.15.1,>=0.14.0 ; platform_python_implementation != 'PyPy' and sys_platform != 'cygwin' and sys_platform != 'win32' and extra == 'standard'
  - watchfiles>=0.13 ; extra == 'standard'
  - websockets>=10.4 ; extra == 'standard'
  requires_python: '>=3.8'
- kind: pypi
  name: uvloop
  version: 0.21.0
  url: https://files.pythonhosted.org/packages/8c/4c/03f93178830dc7ce8b4cdee1d36770d2f5ebb6f3d37d354e061eefc73545/uvloop-0.21.0-cp312-cp312-macosx_10_13_universal2.whl
  sha256: 359ec2c888397b9e592a889c4d72ba3d6befba8b2bb01743f72fffbde663b59c
  requires_dist:
  - setuptools>=60 ; extra == 'dev'
  - cython~=3.0 ; extra == 'dev'
  - sphinx~=4.1.2 ; extra == 'docs'
  - sphinxcontrib-asyncio~=0.3.0 ; extra == 'docs'
  - sphinx-rtd-theme~=0.5.2 ; extra == 'docs'
  - aiohttp>=3.10.5 ; extra == 'test'
  - flake8~=5.0 ; extra == 'test'
  - psutil ; extra == 'test'
  - pycodestyle~=2.9.0 ; extra == 'test'
  - pyopenssl~=23.0.0 ; extra == 'test'
  - mypy>=0.800 ; extra == 'test'
  requires_python: '>=3.8.0'
- kind: pypi
  name: watchfiles
  version: 1.0.0
  url: https://files.pythonhosted.org/packages/5a/ee/935095538ff08ab68555de2bbc18acaf91f4cce8518bf32196f1ff9b8326/watchfiles-1.0.0-cp312-cp312-macosx_11_0_arm64.whl
  sha256: e3750434c83b61abb3163b49c64b04180b85b4dabb29a294513faec57f2ffdb7
  requires_dist:
  - anyio>=3.0.0
  requires_python: '>=3.9'
- kind: pypi
  name: websockets
  version: '14.1'
  url: https://files.pythonhosted.org/packages/c1/89/2a09db1bbb40ba967a1b8225b07b7df89fea44f06de9365f17f684d0f7e6/websockets-14.1-cp312-cp312-macosx_11_0_arm64.whl
  sha256: bc6ccf7d54c02ae47a48ddf9414c54d48af9c01076a2e1023e3b486b6e72c707
  requires_python: '>=3.9'
- kind: conda
  name: xz
  version: 5.2.6
  build: h57fd34a_0
  subdir: osx-arm64
  url: https://conda.anaconda.org/conda-forge/osx-arm64/xz-5.2.6-h57fd34a_0.tar.bz2
  sha256: 59d78af0c3e071021cfe82dc40134c19dab8cdf804324b62940f5c8cd71803ec
  md5: 39c6b54e94014701dd157f4f576ed211
  license: LGPL-2.1 and GPL-2.0
  purls: []
  size: 235693
  timestamp: 1660346961024
- kind: conda
  name: zeromq
  version: 4.3.5
  build: hc1bb282_7
  build_number: 7
  subdir: osx-arm64
  url: https://conda.anaconda.org/conda-forge/osx-arm64/zeromq-4.3.5-hc1bb282_7.conda
  sha256: 9e585569fe2e7d3bea71972cd4b9f06b1a7ab8fa7c5139f92a31cbceecf25a8a
  md5: f7e6b65943cb73bce0143737fded08f1
  depends:
  - __osx >=11.0
  - krb5 >=1.21.3,<1.22.0a0
  - libcxx >=18
  - libsodium >=1.0.20,<1.0.21.0a0
  license: MPL-2.0
  license_family: MOZILLA
  purls: []
  size: 281565
  timestamp: 1731585108039
- kind: conda
  name: zipp
  version: 3.21.0
  build: pyhd8ed1ab_0
  subdir: noarch
  noarch: python
  url: https://conda.anaconda.org/conda-forge/noarch/zipp-3.21.0-pyhd8ed1ab_0.conda
  sha256: 232a30e4b0045c9de5e168dda0328dc0e28df9439cdecdfb97dd79c1c82c4cec
  md5: fee389bf8a4843bd7a2248ce11b7f188
  depends:
  - python >=3.8
  license: MIT
  license_family: MIT
  purls:
  - pkg:pypi/zipp?source=hash-mapping
  size: 21702
  timestamp: 1731262194278
